# This file is automatically @generated by Poetry 1.6.1 and should not be changed by hand.

[[package]]
name = "click"
version = "8.1.7"
description = "Composable command line interface toolkit"
optional = false
python-versions = ">=3.7"
files = [
    {file = "click-8.1.7-py3-none-any.whl", hash = "sha256:ae74fb96c20a0277a1d615f1e4d73c8414f5a98db8b799a7931d1582f3390c28"},
    {file = "click-8.1.7.tar.gz", hash = "sha256:ca9853ad459e787e2192211578cc907e7594e294c7ccc834310722b41b9ca6de"},
]

[package.dependencies]
colorama = {version = "*", markers = "platform_system == \"Windows\""}

[[package]]
name = "colorama"
version = "0.4.6"
description = "Cross-platform colored terminal text."
optional = false
python-versions = "!=3.0.*,!=3.1.*,!=3.2.*,!=3.3.*,!=3.4.*,!=3.5.*,!=3.6.*,>=2.7"
files = [
    {file = "colorama-0.4.6-py2.py3-none-any.whl", hash = "sha256:4f1d9991f5acc0ca119f9d443620b77f9d6b33703e51011c16baf57afb285fc6"},
    {file = "colorama-0.4.6.tar.gz", hash = "sha256:08695f5cb7ed6e0531a20572697297273c47b8cae5a63ffc6d6ed5c201be6e44"},
]

[[package]]
name = "iamspy"
version = "0.1.0"
description = ""
optional = false
python-versions = "^3.9"
files = []
develop = false

[package.dependencies]
pydantic = "^1"
python-dateutil = "^2.8.2"
typer = "*"
z3-solver = "*"

[package.source]
type = "git"
url = "https://github.com/WithSecureLabs/IAMSpy.git"
reference = "HEAD"
resolved_reference = "cb3b0e41ad9e5ae12975bbf66bb838fa20873095"

[[package]]
name = "neo4j"
version = "5.18.0"
description = "Neo4j Bolt driver for Python"
optional = false
python-versions = ">=3.7"
files = [
    {file = "neo4j-5.18.0.tar.gz", hash = "sha256:4014406ae5b8b485a8ba46c9f00b6f5b4aaf88e7c3a50603445030c2aab701c9"},
]

[package.dependencies]
pytz = "*"

[package.extras]
numpy = ["numpy (>=1.7.0,<2.0.0)"]
pandas = ["numpy (>=1.7.0,<2.0.0)", "pandas (>=1.1.0,<3.0.0)"]
pyarrow = ["pyarrow (>=1.0.0)"]

[[package]]
name = "pydantic"
version = "1.10.14"
description = "Data validation and settings management using python type hints"
optional = false
python-versions = ">=3.7"
files = [
    {file = "pydantic-1.10.14-cp310-cp310-macosx_10_9_x86_64.whl", hash = "sha256:7f4fcec873f90537c382840f330b90f4715eebc2bc9925f04cb92de593eae054"},
    {file = "pydantic-1.10.14-cp310-cp310-macosx_11_0_arm64.whl", hash = "sha256:8e3a76f571970fcd3c43ad982daf936ae39b3e90b8a2e96c04113a369869dc87"},
    {file = "pydantic-1.10.14-cp310-cp310-manylinux_2_17_x86_64.manylinux2014_x86_64.whl", hash = "sha256:82d886bd3c3fbeaa963692ef6b643159ccb4b4cefaf7ff1617720cbead04fd1d"},
    {file = "pydantic-1.10.14-cp310-cp310-manylinux_2_5_i686.manylinux1_i686.manylinux_2_17_i686.manylinux2014_i686.whl", hash = "sha256:798a3d05ee3b71967844a1164fd5bdb8c22c6d674f26274e78b9f29d81770c4e"},
    {file = "pydantic-1.10.14-cp310-cp310-musllinux_1_1_i686.whl", hash = "sha256:23d47a4b57a38e8652bcab15a658fdb13c785b9ce217cc3a729504ab4e1d6bc9"},
    {file = "pydantic-1.10.14-cp310-cp310-musllinux_1_1_x86_64.whl", hash = "sha256:f9f674b5c3bebc2eba401de64f29948ae1e646ba2735f884d1594c5f675d6f2a"},
    {file = "pydantic-1.10.14-cp310-cp310-win_amd64.whl", hash = "sha256:24a7679fab2e0eeedb5a8924fc4a694b3bcaac7d305aeeac72dd7d4e05ecbebf"},
    {file = "pydantic-1.10.14-cp311-cp311-macosx_10_9_x86_64.whl", hash = "sha256:9d578ac4bf7fdf10ce14caba6f734c178379bd35c486c6deb6f49006e1ba78a7"},
    {file = "pydantic-1.10.14-cp311-cp311-macosx_11_0_arm64.whl", hash = "sha256:fa7790e94c60f809c95602a26d906eba01a0abee9cc24150e4ce2189352deb1b"},
    {file = "pydantic-1.10.14-cp311-cp311-manylinux_2_17_x86_64.manylinux2014_x86_64.whl", hash = "sha256:aad4e10efa5474ed1a611b6d7f0d130f4aafadceb73c11d9e72823e8f508e663"},
    {file = "pydantic-1.10.14-cp311-cp311-manylinux_2_5_i686.manylinux1_i686.manylinux_2_17_i686.manylinux2014_i686.whl", hash = "sha256:1245f4f61f467cb3dfeced2b119afef3db386aec3d24a22a1de08c65038b255f"},
    {file = "pydantic-1.10.14-cp311-cp311-musllinux_1_1_i686.whl", hash = "sha256:21efacc678a11114c765eb52ec0db62edffa89e9a562a94cbf8fa10b5db5c046"},
    {file = "pydantic-1.10.14-cp311-cp311-musllinux_1_1_x86_64.whl", hash = "sha256:412ab4a3f6dbd2bf18aefa9f79c7cca23744846b31f1d6555c2ee2b05a2e14ca"},
    {file = "pydantic-1.10.14-cp311-cp311-win_amd64.whl", hash = "sha256:e897c9f35281f7889873a3e6d6b69aa1447ceb024e8495a5f0d02ecd17742a7f"},
    {file = "pydantic-1.10.14-cp37-cp37m-macosx_10_9_x86_64.whl", hash = "sha256:d604be0f0b44d473e54fdcb12302495fe0467c56509a2f80483476f3ba92b33c"},
    {file = "pydantic-1.10.14-cp37-cp37m-manylinux_2_17_x86_64.manylinux2014_x86_64.whl", hash = "sha256:a42c7d17706911199798d4c464b352e640cab4351efe69c2267823d619a937e5"},
    {file = "pydantic-1.10.14-cp37-cp37m-manylinux_2_5_i686.manylinux1_i686.manylinux_2_17_i686.manylinux2014_i686.whl", hash = "sha256:596f12a1085e38dbda5cbb874d0973303e34227b400b6414782bf205cc14940c"},
    {file = "pydantic-1.10.14-cp37-cp37m-musllinux_1_1_i686.whl", hash = "sha256:bfb113860e9288d0886e3b9e49d9cf4a9d48b441f52ded7d96db7819028514cc"},
    {file = "pydantic-1.10.14-cp37-cp37m-musllinux_1_1_x86_64.whl", hash = "sha256:bc3ed06ab13660b565eed80887fcfbc0070f0aa0691fbb351657041d3e874efe"},
    {file = "pydantic-1.10.14-cp37-cp37m-win_amd64.whl", hash = "sha256:ad8c2bc677ae5f6dbd3cf92f2c7dc613507eafe8f71719727cbc0a7dec9a8c01"},
    {file = "pydantic-1.10.14-cp38-cp38-macosx_10_9_x86_64.whl", hash = "sha256:c37c28449752bb1f47975d22ef2882d70513c546f8f37201e0fec3a97b816eee"},
    {file = "pydantic-1.10.14-cp38-cp38-macosx_11_0_arm64.whl", hash = "sha256:49a46a0994dd551ec051986806122767cf144b9702e31d47f6d493c336462597"},
    {file = "pydantic-1.10.14-cp38-cp38-manylinux_2_17_x86_64.manylinux2014_x86_64.whl", hash = "sha256:53e3819bd20a42470d6dd0fe7fc1c121c92247bca104ce608e609b59bc7a77ee"},
    {file = "pydantic-1.10.14-cp38-cp38-manylinux_2_5_i686.manylinux1_i686.manylinux_2_17_i686.manylinux2014_i686.whl", hash = "sha256:0fbb503bbbbab0c588ed3cd21975a1d0d4163b87e360fec17a792f7d8c4ff29f"},
    {file = "pydantic-1.10.14-cp38-cp38-musllinux_1_1_i686.whl", hash = "sha256:336709883c15c050b9c55a63d6c7ff09be883dbc17805d2b063395dd9d9d0022"},
    {file = "pydantic-1.10.14-cp38-cp38-musllinux_1_1_x86_64.whl", hash = "sha256:4ae57b4d8e3312d486e2498d42aed3ece7b51848336964e43abbf9671584e67f"},
    {file = "pydantic-1.10.14-cp38-cp38-win_amd64.whl", hash = "sha256:dba49d52500c35cfec0b28aa8b3ea5c37c9df183ffc7210b10ff2a415c125c4a"},
    {file = "pydantic-1.10.14-cp39-cp39-macosx_10_9_x86_64.whl", hash = "sha256:c66609e138c31cba607d8e2a7b6a5dc38979a06c900815495b2d90ce6ded35b4"},
    {file = "pydantic-1.10.14-cp39-cp39-macosx_11_0_arm64.whl", hash = "sha256:d986e115e0b39604b9eee3507987368ff8148222da213cd38c359f6f57b3b347"},
    {file = "pydantic-1.10.14-cp39-cp39-manylinux_2_17_x86_64.manylinux2014_x86_64.whl", hash = "sha256:646b2b12df4295b4c3148850c85bff29ef6d0d9621a8d091e98094871a62e5c7"},
    {file = "pydantic-1.10.14-cp39-cp39-manylinux_2_5_i686.manylinux1_i686.manylinux_2_17_i686.manylinux2014_i686.whl", hash = "sha256:282613a5969c47c83a8710cc8bfd1e70c9223feb76566f74683af889faadc0ea"},
    {file = "pydantic-1.10.14-cp39-cp39-musllinux_1_1_i686.whl", hash = "sha256:466669501d08ad8eb3c4fecd991c5e793c4e0bbd62299d05111d4f827cded64f"},
    {file = "pydantic-1.10.14-cp39-cp39-musllinux_1_1_x86_64.whl", hash = "sha256:13e86a19dca96373dcf3190fcb8797d40a6f12f154a244a8d1e8e03b8f280593"},
    {file = "pydantic-1.10.14-cp39-cp39-win_amd64.whl", hash = "sha256:08b6ec0917c30861e3fe71a93be1648a2aa4f62f866142ba21670b24444d7fd8"},
    {file = "pydantic-1.10.14-py3-none-any.whl", hash = "sha256:8ee853cd12ac2ddbf0ecbac1c289f95882b2d4482258048079d13be700aa114c"},
    {file = "pydantic-1.10.14.tar.gz", hash = "sha256:46f17b832fe27de7850896f3afee50ea682220dd218f7e9c88d436788419dca6"},
]

[package.dependencies]
typing-extensions = ">=4.2.0"

[package.extras]
dotenv = ["python-dotenv (>=0.10.4)"]
email = ["email-validator (>=1.0.3)"]

[[package]]
name = "python-dateutil"
version = "2.9.0.post0"
description = "Extensions to the standard Python datetime module"
optional = false
python-versions = "!=3.0.*,!=3.1.*,!=3.2.*,>=2.7"
files = [
    {file = "python-dateutil-2.9.0.post0.tar.gz", hash = "sha256:37dd54208da7e1cd875388217d5e00ebd4179249f90fb72437e91a35459a0ad3"},
    {file = "python_dateutil-2.9.0.post0-py2.py3-none-any.whl", hash = "sha256:a8b2bc7bffae282281c8140a97d3aa9c14da0b136dfe83f850eea9a5f7470427"},
]

[package.dependencies]
six = ">=1.5"

[[package]]
name = "pytz"
version = "2024.1"
description = "World timezone definitions, modern and historical"
optional = false
python-versions = "*"
files = [
    {file = "pytz-2024.1-py2.py3-none-any.whl", hash = "sha256:328171f4e3623139da4983451950b28e95ac706e13f3f2630a879749e7a8b319"},
    {file = "pytz-2024.1.tar.gz", hash = "sha256:2a29735ea9c18baf14b448846bde5a48030ed267578472d8955cd0e7443a9812"},
]

[[package]]
name = "six"
version = "1.16.0"
description = "Python 2 and 3 compatibility utilities"
optional = false
python-versions = ">=2.7, !=3.0.*, !=3.1.*, !=3.2.*"
files = [
    {file = "six-1.16.0-py2.py3-none-any.whl", hash = "sha256:8abb2f1d86890a2dfb989f9a77cfcfd3e47c2a354b01111771326f8aa26e0254"},
    {file = "six-1.16.0.tar.gz", hash = "sha256:1e61c37477a1626458e36f7b1d82aa5c9b094fa4802892072e49de9c60c4c926"},
]

[[package]]
name = "typer"
version = "0.9.0"
description = "Typer, build great CLIs. Easy to code. Based on Python type hints."
optional = false
python-versions = ">=3.6"
files = [
    {file = "typer-0.9.0-py3-none-any.whl", hash = "sha256:5d96d986a21493606a358cae4461bd8cdf83cbf33a5aa950ae629ca3b51467ee"},
    {file = "typer-0.9.0.tar.gz", hash = "sha256:50922fd79aea2f4751a8e0408ff10d2662bd0c8bbfa84755a699f3bada2978b2"},
]

[package.dependencies]
click = ">=7.1.1,<9.0.0"
typing-extensions = ">=3.7.4.3"

[package.extras]
all = ["colorama (>=0.4.3,<0.5.0)", "rich (>=10.11.0,<14.0.0)", "shellingham (>=1.3.0,<2.0.0)"]
dev = ["autoflake (>=1.3.1,<2.0.0)", "flake8 (>=3.8.3,<4.0.0)", "pre-commit (>=2.17.0,<3.0.0)"]
doc = ["cairosvg (>=2.5.2,<3.0.0)", "mdx-include (>=1.4.1,<2.0.0)", "mkdocs (>=1.1.2,<2.0.0)", "mkdocs-material (>=8.1.4,<9.0.0)", "pillow (>=9.3.0,<10.0.0)"]
test = ["black (>=22.3.0,<23.0.0)", "coverage (>=6.2,<7.0)", "isort (>=5.0.6,<6.0.0)", "mypy (==0.910)", "pytest (>=4.4.0,<8.0.0)", "pytest-cov (>=2.10.0,<5.0.0)", "pytest-sugar (>=0.9.4,<0.10.0)", "pytest-xdist (>=1.32.0,<4.0.0)", "rich (>=10.11.0,<14.0.0)", "shellingham (>=1.3.0,<2.0.0)"]

[[package]]
name = "typing-extensions"
version = "4.10.0"
description = "Backported and Experimental Type Hints for Python 3.8+"
optional = false
python-versions = ">=3.8"
files = [
    {file = "typing_extensions-4.10.0-py3-none-any.whl", hash = "sha256:69b1a937c3a517342112fb4c6df7e72fc39a38e7891a5730ed4985b5214b5475"},
    {file = "typing_extensions-4.10.0.tar.gz", hash = "sha256:b0abd7c89e8fb96f98db18d86106ff1d90ab692004eb746cf6eda2682f91b3cb"},
]

[[package]]
name = "z3-solver"
version = "4.12.6.0"
description = "an efficient SMT solver library"
optional = false
python-versions = "*"
files = [
    {file = "z3-solver-4.12.6.0.tar.gz", hash = "sha256:9a0f30e9648ee2649adc301dbf91470bc1600f34112ffeaf1063f8a8075e1a48"},
    {file = "z3_solver-4.12.6.0-py2.py3-none-macosx_11_0_arm64.whl", hash = "sha256:9347c9c4f966c97c807f73b1b4365d11dbb25e390b3908b1c3a6e3bceff62e6d"},
    {file = "z3_solver-4.12.6.0-py2.py3-none-macosx_11_0_x86_64.whl", hash = "sha256:359d2af6dbcc017dadb99f286b39df101edf6ac9a45332ba15c0a2012ff46d45"},
    {file = "z3_solver-4.12.6.0-py2.py3-none-manylinux2014_x86_64.whl", hash = "sha256:dca097b9a3026a63019eba65fe7ad120dcccec847cc33a7c0e548cfe324680fc"},
    {file = "z3_solver-4.12.6.0-py2.py3-none-win32.whl", hash = "sha256:d795fd1a25416f9164ba6be8750c66732d998c645234b6d7f1b801b7ba5f67d4"},
    {file = "z3_solver-4.12.6.0-py2.py3-none-win_amd64.whl", hash = "sha256:95a3725f43ec8cf2d4e7733327cdf2b9ff9caa09e0511e2b1a059000f211f605"},
]

[metadata]
lock-version = "2.0"
python-versions = "^3.9"
content-hash = "d9e3629ad230ed0898e1a1eb60c80fdb4e202f63703a703c967fa23bc8b95a89"
